
Microsoft Visual Studio Solution File, Format Version 12.00
# Visual Studio 2013
VisualStudioVersion = 12.0.21005.1
MinimumVisualStudioVersion = 10.0.40219.1
Project("{FAE04EC0-301F-11D3-BF4B-00C04F79EFBC}") = "TestJenkins", "TestJenkins\TestJenkins.csproj", "{4C8DDB51-00C3-4062-9FC4-48F2106499DB}"
EndProject
Project("{FAE04EC0-301F-11D3-BF4B-00C04F79EFBC}") = "HelloTest", "HelloTest\HelloTest.csproj", "{D8C5DFB2-69D1-4A45-9EAE-788752B143A6}"
EndProject
Global
	GlobalSection(SolutionConfigurationPlatforms) = preSolution
		Debug|Any CPU = Debug|Any CPU
		Release|Any CPU = Release|Any CPU
	EndGlobalSection
	GlobalSection(ProjectConfigurationPlatforms) = postSolution
		{4C8DDB51-00C3-4062-9FC4-48F2106499DB}.Debug|Any CPU.ActiveCfg = Debug|Any CPU
		{4C8DDB51-00C3-4062-9FC4-48F2106499DB}.Debug|Any CPU.Build.0 = Debug|Any CPU
		{4C8DDB51-00C3-4062-9FC4-48F2106499DB}.Release|Any CPU.ActiveCfg = Release|Any CPU
		{4C8DDB51-00C3-4062-9FC4-48F2106499DB}.Release|Any CPU.Build.0 = Release|Any CPU
		{D8C5DFB2-69D1-4A45-9EAE-788752B143A6}.Debug|Any CPU.ActiveCfg = Debug|Any CPU
		{D8C5DFB2-69D1-4A45-9EAE-788752B143A6}.Debug|Any CPU.Build.0 = Debug|Any CPU
		{D8C5DFB2-69D1-4A45-9EAE-788752B143A6}.Release|Any CPU.ActiveCfg = Release|Any CPU
		{D8C5DFB2-69D1-4A45-9EAE-788752B143A6}.Release|Any CPU.Build.0 = Release|Any CPU
	EndGlobalSection
	GlobalSection(SolutionProperties) = preSolution
		HideSolutionNode = FALSE
	EndGlobalSection
EndGlobal
